
Microsoft Visual Studio Solution File, Format Version 12.00
# Visual Studio Version 17
VisualStudioVersion = 17.5.33516.290
MinimumVisualStudioVersion = 10.0.40219.1
Project("{9A19103F-16F7-4668-BE54-9A1E7A4F7556}") = "ADBTool", "ADBTool\ADBTool.csproj", "{8564AAE7-C370-4393-9230-0BB5C89DA6DB}"
EndProject
Project("{2150E333-8FDC-42A3-9474-1A3956D46DE8}") = "Solution Items", "Solution Items", "{74822A93-84F6-480F-A8F3-F15CF4B56A43}"
	ProjectSection(SolutionItems) = preProject
		.editorconfig = .editorconfig
	EndProjectSection
EndProject
Project("{54435603-DBB4-11D2-8724-00A0C9A8B90C}") = "Installer", "Installer\Installer.vdproj", "{337C46E7-4896-46F5-BABA-F4DB26854800}"
EndProject
Global
	GlobalSection(SolutionConfigurationPlatforms) = preSolution
		All|Any CPU = All|Any CPU
		Debug|Any CPU = Debug|Any CPU
		DefaultBuild|Any CPU = DefaultBuild|Any CPU
		Release|Any CPU = Release|Any CPU
	EndGlobalSection
	GlobalSection(ProjectConfigurationPlatforms) = postSolution
		{8564AAE7-C370-4393-9230-0BB5C89DA6DB}.All|Any CPU.ActiveCfg = Release|Any CPU
		{8564AAE7-C370-4393-9230-0BB5C89DA6DB}.All|Any CPU.Build.0 = Release|Any CPU
		{8564AAE7-C370-4393-9230-0BB5C89DA6DB}.Debug|Any CPU.ActiveCfg = Debug|Any CPU
		{8564AAE7-C370-4393-9230-0BB5C89DA6DB}.Debug|Any CPU.Build.0 = Debug|Any CPU
		{8564AAE7-C370-4393-9230-0BB5C89DA6DB}.DefaultBuild|Any CPU.ActiveCfg = Debug|Any CPU
		{8564AAE7-C370-4393-9230-0BB5C89DA6DB}.DefaultBuild|Any CPU.Build.0 = Debug|Any CPU
		{8564AAE7-C370-4393-9230-0BB5C89DA6DB}.Release|Any CPU.ActiveCfg = Release|Any CPU
		{8564AAE7-C370-4393-9230-0BB5C89DA6DB}.Release|Any CPU.Build.0 = Release|Any CPU
		{337C46E7-4896-46F5-BABA-F4DB26854800}.All|Any CPU.ActiveCfg = Debug
		{337C46E7-4896-46F5-BABA-F4DB26854800}.Debug|Any CPU.ActiveCfg = Release
		{337C46E7-4896-46F5-BABA-F4DB26854800}.DefaultBuild|Any CPU.ActiveCfg = Debug
		{337C46E7-4896-46F5-BABA-F4DB26854800}.Release|Any CPU.ActiveCfg = Release
	EndGlobalSection
	GlobalSection(SolutionProperties) = preSolution
		HideSolutionNode = FALSE
	EndGlobalSection
	GlobalSection(ExtensibilityGlobals) = postSolution
		SolutionGuid = {3FC92243-DA63-4334-AD3F-2079F6EEC80D}
	EndGlobalSection
EndGlobal
